
Microsoft Visual Studio Solution File, Format Version 12.00
# Visual Studio Version 17
VisualStudioVersion = 17.0.31903.59
MinimumVisualStudioVersion = 10.0.40219.1
Project("{FAE04EC0-301F-11D3-BF4B-00C04F79EFBC}") = "HolidaySearchService", "HolidaySearch\HolidaySearchService.csproj", "{03F4CEE1-F29A-48E0-B411-D39171CC188B}"
EndProject
Project("{2150E333-8FDC-42A3-9474-1A3956D46DE8}") = "tests", "tests", "{0AB3BF05-4346-4AA6-1389-037BE0695223}"
EndProject
Project("{FAE04EC0-301F-11D3-BF4B-00C04F79EFBC}") = "HolidaySearchService.Tests", "tests\HolidaySearch.Tests\HolidaySearchService.Tests.csproj", "{94B21FD9-FF7B-4424-8846-40B0F3EBBBFF}"
EndProject
Project("{FAE04EC0-301F-11D3-BF4B-00C04F79EFBC}") = "DataReadService", "DataReadService\DataReadService.csproj", "{3ED26FA8-4DB2-4267-B785-EA7F8D24C94A}"
EndProject
Project("{FAE04EC0-301F-11D3-BF4B-00C04F79EFBC}") = "DataReadService.Tests", "tests\DataReadServiceTests\DataReadService.Tests.csproj", "{F89B82AF-B020-4795-B3E7-D5BD5E2852F9}"
EndProject
Project("{FAE04EC0-301F-11D3-BF4B-00C04F79EFBC}") = "FlightSearchService", "FlightSearchService\FlightSearchService.csproj", "{43F284E1-0817-4811-A58D-4B9204C95775}"
EndProject
Project("{FAE04EC0-301F-11D3-BF4B-00C04F79EFBC}") = "FlightSearchService.Tests", "tests\FlightSearchServiceTests\FlightSearchService.Tests.csproj", "{669AF9EF-1B51-420C-B0FF-4101EFDB150A}"
EndProject
Project("{FAE04EC0-301F-11D3-BF4B-00C04F79EFBC}") = "HotelSearchService", "HotelSearchService\HotelSearchService.csproj", "{5CDBFEDC-FAA3-4340-829D-FD55AB91BE4A}"
EndProject
Project("{FAE04EC0-301F-11D3-BF4B-00C04F79EFBC}") = "HotelSearchService.Tests", "tests\HotelSearchServiceTests\HotelSearchService.Tests.csproj", "{2486234E-5C81-4A16-881B-3D2DE5FB0281}"
EndProject
Global
	GlobalSection(SolutionConfigurationPlatforms) = preSolution
		Debug|Any CPU = Debug|Any CPU
		Release|Any CPU = Release|Any CPU
	EndGlobalSection
	GlobalSection(ProjectConfigurationPlatforms) = postSolution
		{03F4CEE1-F29A-48E0-B411-D39171CC188B}.Debug|Any CPU.ActiveCfg = Debug|Any CPU
		{03F4CEE1-F29A-48E0-B411-D39171CC188B}.Debug|Any CPU.Build.0 = Debug|Any CPU
		{03F4CEE1-F29A-48E0-B411-D39171CC188B}.Release|Any CPU.ActiveCfg = Release|Any CPU
		{03F4CEE1-F29A-48E0-B411-D39171CC188B}.Release|Any CPU.Build.0 = Release|Any CPU
		{94B21FD9-FF7B-4424-8846-40B0F3EBBBFF}.Debug|Any CPU.ActiveCfg = Debug|Any CPU
		{94B21FD9-FF7B-4424-8846-40B0F3EBBBFF}.Debug|Any CPU.Build.0 = Debug|Any CPU
		{94B21FD9-FF7B-4424-8846-40B0F3EBBBFF}.Release|Any CPU.ActiveCfg = Release|Any CPU
		{94B21FD9-FF7B-4424-8846-40B0F3EBBBFF}.Release|Any CPU.Build.0 = Release|Any CPU
		{3ED26FA8-4DB2-4267-B785-EA7F8D24C94A}.Debug|Any CPU.ActiveCfg = Debug|Any CPU
		{3ED26FA8-4DB2-4267-B785-EA7F8D24C94A}.Debug|Any CPU.Build.0 = Debug|Any CPU
		{3ED26FA8-4DB2-4267-B785-EA7F8D24C94A}.Release|Any CPU.ActiveCfg = Release|Any CPU
		{3ED26FA8-4DB2-4267-B785-EA7F8D24C94A}.Release|Any CPU.Build.0 = Release|Any CPU
		{F89B82AF-B020-4795-B3E7-D5BD5E2852F9}.Debug|Any CPU.ActiveCfg = Debug|Any CPU
		{F89B82AF-B020-4795-B3E7-D5BD5E2852F9}.Debug|Any CPU.Build.0 = Debug|Any CPU
		{F89B82AF-B020-4795-B3E7-D5BD5E2852F9}.Release|Any CPU.ActiveCfg = Release|Any CPU
		{F89B82AF-B020-4795-B3E7-D5BD5E2852F9}.Release|Any CPU.Build.0 = Release|Any CPU
		{43F284E1-0817-4811-A58D-4B9204C95775}.Debug|Any CPU.ActiveCfg = Debug|Any CPU
		{43F284E1-0817-4811-A58D-4B9204C95775}.Debug|Any CPU.Build.0 = Debug|Any CPU
		{43F284E1-0817-4811-A58D-4B9204C95775}.Release|Any CPU.ActiveCfg = Release|Any CPU
		{43F284E1-0817-4811-A58D-4B9204C95775}.Release|Any CPU.Build.0 = Release|Any CPU
		{669AF9EF-1B51-420C-B0FF-4101EFDB150A}.Debug|Any CPU.ActiveCfg = Debug|Any CPU
		{669AF9EF-1B51-420C-B0FF-4101EFDB150A}.Debug|Any CPU.Build.0 = Debug|Any CPU
		{669AF9EF-1B51-420C-B0FF-4101EFDB150A}.Release|Any CPU.ActiveCfg = Release|Any CPU
		{669AF9EF-1B51-420C-B0FF-4101EFDB150A}.Release|Any CPU.Build.0 = Release|Any CPU
		{5CDBFEDC-FAA3-4340-829D-FD55AB91BE4A}.Debug|Any CPU.ActiveCfg = Debug|Any CPU
		{5CDBFEDC-FAA3-4340-829D-FD55AB91BE4A}.Debug|Any CPU.Build.0 = Debug|Any CPU
		{5CDBFEDC-FAA3-4340-829D-FD55AB91BE4A}.Release|Any CPU.ActiveCfg = Release|Any CPU
		{5CDBFEDC-FAA3-4340-829D-FD55AB91BE4A}.Release|Any CPU.Build.0 = Release|Any CPU
		{2486234E-5C81-4A16-881B-3D2DE5FB0281}.Debug|Any CPU.ActiveCfg = Debug|Any CPU
		{2486234E-5C81-4A16-881B-3D2DE5FB0281}.Debug|Any CPU.Build.0 = Debug|Any CPU
		{2486234E-5C81-4A16-881B-3D2DE5FB0281}.Release|Any CPU.ActiveCfg = Release|Any CPU
		{2486234E-5C81-4A16-881B-3D2DE5FB0281}.Release|Any CPU.Build.0 = Release|Any CPU
	EndGlobalSection
	GlobalSection(SolutionProperties) = preSolution
		HideSolutionNode = FALSE
	EndGlobalSection
	GlobalSection(NestedProjects) = preSolution
		{94B21FD9-FF7B-4424-8846-40B0F3EBBBFF} = {0AB3BF05-4346-4AA6-1389-037BE0695223}
		{F89B82AF-B020-4795-B3E7-D5BD5E2852F9} = {0AB3BF05-4346-4AA6-1389-037BE0695223}
		{669AF9EF-1B51-420C-B0FF-4101EFDB150A} = {0AB3BF05-4346-4AA6-1389-037BE0695223}
		{2486234E-5C81-4A16-881B-3D2DE5FB0281} = {0AB3BF05-4346-4AA6-1389-037BE0695223}
	EndGlobalSection
EndGlobal
